
Microsoft Visual Studio Solution File, Format Version 12.00
# Visual Studio 14
VisualStudioVersion = 14.0.25420.1
MinimumVisualStudioVersion = 10.0.40219.1
Project("{FAE04EC0-301F-11D3-BF4B-00C04F79EFBC}") = "Build", "Build\Build.csproj", "{4BEFE362-119D-4ACF-BAC4-26D863431104}"
EndProject
Project("{FAE04EC0-301F-11D3-BF4B-00C04F79EFBC}") = "ClassLibrary", "ClassLibrary\ClassLibrary.csproj", "{2C450477-5765-49ED-875B-0EDA6FA18B29}"
EndProject
Project("{FAE04EC0-301F-11D3-BF4B-00C04F79EFBC}") = "ConsoleApplication", "ConsoleApplication\ConsoleApplication.csproj", "{4DBEC493-401C-4DDA-820C-0DE7DD7E99DC}"
EndProject
Project("{FAE04EC0-301F-11D3-BF4B-00C04F79EFBC}") = "AzureML", "AzureML\AzureML.csproj", "{7ADD70D1-80C9-43F9-85D6-D76463ECF3BC}"
EndProject
Global
	GlobalSection(SolutionConfigurationPlatforms) = preSolution
		Debug|Any CPU = Debug|Any CPU
		Release|Any CPU = Release|Any CPU
	EndGlobalSection
	GlobalSection(ProjectConfigurationPlatforms) = postSolution
		{4BEFE362-119D-4ACF-BAC4-26D863431104}.Debug|Any CPU.ActiveCfg = Debug|Any CPU
		{4BEFE362-119D-4ACF-BAC4-26D863431104}.Debug|Any CPU.Build.0 = Debug|Any CPU
		{4BEFE362-119D-4ACF-BAC4-26D863431104}.Release|Any CPU.ActiveCfg = Release|Any CPU
		{4BEFE362-119D-4ACF-BAC4-26D863431104}.Release|Any CPU.Build.0 = Release|Any CPU
		{2C450477-5765-49ED-875B-0EDA6FA18B29}.Debug|Any CPU.ActiveCfg = Debug|Any CPU
		{2C450477-5765-49ED-875B-0EDA6FA18B29}.Debug|Any CPU.Build.0 = Debug|Any CPU
		{2C450477-5765-49ED-875B-0EDA6FA18B29}.Release|Any CPU.ActiveCfg = Release|Any CPU
		{2C450477-5765-49ED-875B-0EDA6FA18B29}.Release|Any CPU.Build.0 = Release|Any CPU
		{4DBEC493-401C-4DDA-820C-0DE7DD7E99DC}.Debug|Any CPU.ActiveCfg = Debug|Any CPU
		{4DBEC493-401C-4DDA-820C-0DE7DD7E99DC}.Debug|Any CPU.Build.0 = Debug|Any CPU
		{4DBEC493-401C-4DDA-820C-0DE7DD7E99DC}.Release|Any CPU.ActiveCfg = Release|Any CPU
		{4DBEC493-401C-4DDA-820C-0DE7DD7E99DC}.Release|Any CPU.Build.0 = Release|Any CPU
		{7ADD70D1-80C9-43F9-85D6-D76463ECF3BC}.Debug|Any CPU.ActiveCfg = Debug|Any CPU
		{7ADD70D1-80C9-43F9-85D6-D76463ECF3BC}.Debug|Any CPU.Build.0 = Debug|Any CPU
		{7ADD70D1-80C9-43F9-85D6-D76463ECF3BC}.Release|Any CPU.ActiveCfg = Release|Any CPU
		{7ADD70D1-80C9-43F9-85D6-D76463ECF3BC}.Release|Any CPU.Build.0 = Release|Any CPU
	EndGlobalSection
	GlobalSection(SolutionProperties) = preSolution
		HideSolutionNode = FALSE
	EndGlobalSection
EndGlobal
